// !$*UTF8*$!
{
	archiveVersion = 1;
	classes = {
	};
	objectVersion = 46;
	objects = {

/* Begin PBXBuildFile section */
		5130CEB81A736FBB005F2184 /* DashboardController.m in Sources */ = {isa = PBXBuildFile; fileRef = 5130CEB71A736FBB005F2184 /* DashboardController.m */; };
		518703511A735A5800F8BD47 /* main.m in Sources */ = {isa = PBXBuildFile; fileRef = 518703501A735A5800F8BD47 /* main.m */; };
		518703541A735A5800F8BD47 /* AppDelegate.m in Sources */ = {isa = PBXBuildFile; fileRef = 518703531A735A5800F8BD47 /* AppDelegate.m */; };
		518703571A735A5800F8BD47 /* ViewController.m in Sources */ = {isa = PBXBuildFile; fileRef = 518703561A735A5800F8BD47 /* ViewController.m */; };
		5187035A1A735A5800F8BD47 /* Main.storyboard in Resources */ = {isa = PBXBuildFile; fileRef = 518703581A735A5800F8BD47 /* Main.storyboard */; };
		5187035C1A735A5800F8BD47 /* Images.xcassets in Resources */ = {isa = PBXBuildFile; fileRef = 5187035B1A735A5800F8BD47 /* Images.xcassets */; };
		5187035F1A735A5800F8BD47 /* LaunchScreen.xib in Resources */ = {isa = PBXBuildFile; fileRef = 5187035D1A735A5800F8BD47 /* LaunchScreen.xib */; };
		5187036B1A735A5800F8BD47 /* Yield_ManagerTests.m in Sources */ = {isa = PBXBuildFile; fileRef = 5187036A1A735A5800F8BD47 /* Yield_ManagerTests.m */; };
		518703751A735B4600F8BD47 /* ym_logo.png in Resources */ = {isa = PBXBuildFile; fileRef = 518703741A735B4600F8BD47 /* ym_logo.png */; };
		5187037B1A7362A000F8BD47 /* LoginRequest.m in Sources */ = {isa = PBXBuildFile; fileRef = 5187037A1A7362A000F8BD47 /* LoginRequest.m */; };
		5187037F1A7365A700F8BD47 /* Summary.m in Sources */ = {isa = PBXBuildFile; fileRef = 5187037E1A7365A700F8BD47 /* Summary.m */; };
		518703821A7365B600F8BD47 /* Snapshot.m in Sources */ = {isa = PBXBuildFile; fileRef = 518703811A7365B600F8BD47 /* Snapshot.m */; };
		518703851A7365CC00F8BD47 /* RiskRule.m in Sources */ = {isa = PBXBuildFile; fileRef = 518703841A7365CC00F8BD47 /* RiskRule.m */; };
		5192E0171A85E3D5000533F2 /* PositionsViewCell.m in Sources */ = {isa = PBXBuildFile; fileRef = 5192E0151A85E3D5000533F2 /* PositionsViewCell.m */; };
		5192E0181A85E3D5000533F2 /* PositionsViewCell.xib in Resources */ = {isa = PBXBuildFile; fileRef = 5192E0161A85E3D5000533F2 /* PositionsViewCell.xib */; };
		5192E01B1A85EA3D000533F2 /* GaugeView.m in Sources */ = {isa = PBXBuildFile; fileRef = 5192E01A1A85EA3D000533F2 /* GaugeView.m */; };
		51DDF8021A82F7A6007F3664 /* PositionStatusView.m in Sources */ = {isa = PBXBuildFile; fileRef = 51DDF8011A82F7A6007F3664 /* PositionStatusView.m */; };
		51DDF8051A82F821007F3664 /* PositionIndicators.m in Sources */ = {isa = PBXBuildFile; fileRef = 51DDF8041A82F821007F3664 /* PositionIndicators.m */; };
/* End PBXBuildFile section */

/* Begin PBXContainerItemProxy section */
		518703651A735A5800F8BD47 /* PBXContainerItemProxy */ = {
			isa = PBXContainerItemProxy;
			containerPortal = 518703431A735A5800F8BD47 /* Project object */;
			proxyType = 1;
			remoteGlobalIDString = 5187034A1A735A5800F8BD47;
			remoteInfo = "Yield Manager";
		};
/* End PBXContainerItemProxy section */

/* Begin PBXFileReference section */
		5130CEB61A736FBB005F2184 /* DashboardController.h */ = {isa = PBXFileReference; fileEncoding = 4; lastKnownFileType = sourcecode.c.h; path = DashboardController.h; sourceTree = "<group>"; };
		5130CEB71A736FBB005F2184 /* DashboardController.m */ = {isa = PBXFileReference; fileEncoding = 4; lastKnownFileType = sourcecode.c.objc; path = DashboardController.m; sourceTree = "<group>"; };
		5187034B1A735A5800F8BD47 /* Yield Manager.app */ = {isa = PBXFileReference; explicitFileType = wrapper.application; includeInIndex = 0; path = "Yield Manager.app"; sourceTree = BUILT_PRODUCTS_DIR; };
		5187034F1A735A5800F8BD47 /* Info.plist */ = {isa = PBXFileReference; lastKnownFileType = text.plist.xml; path = Info.plist; sourceTree = "<group>"; };
		518703501A735A5800F8BD47 /* main.m */ = {isa = PBXFileReference; lastKnownFileType = sourcecode.c.objc; path = main.m; sourceTree = "<group>"; };
		518703521A735A5800F8BD47 /* AppDelegate.h */ = {isa = PBXFileReference; lastKnownFileType = sourcecode.c.h; path = AppDelegate.h; sourceTree = "<group>"; };
		518703531A735A5800F8BD47 /* AppDelegate.m */ = {isa = PBXFileReference; lastKnownFileType = sourcecode.c.objc; path = AppDelegate.m; sourceTree = "<group>"; };
		518703551A735A5800F8BD47 /* ViewController.h */ = {isa = PBXFileReference; lastKnownFileType = sourcecode.c.h; path = ViewController.h; sourceTree = "<group>"; };
		518703561A735A5800F8BD47 /* ViewController.m */ = {isa = PBXFileReference; lastKnownFileType = sourcecode.c.objc; path = ViewController.m; sourceTree = "<group>"; };
		518703591A735A5800F8BD47 /* Base */ = {isa = PBXFileReference; lastKnownFileType = file.storyboard; name = Base; path = Base.lproj/Main.storyboard; sourceTree = "<group>"; };
		5187035B1A735A5800F8BD47 /* Images.xcassets */ = {isa = PBXFileReference; lastKnownFileType = folder.assetcatalog; path = Images.xcassets; sourceTree = "<group>"; };
		5187035E1A735A5800F8BD47 /* Base */ = {isa = PBXFileReference; lastKnownFileType = file.xib; name = Base; path = Base.lproj/LaunchScreen.xib; sourceTree = "<group>"; };
		518703641A735A5800F8BD47 /* Yield ManagerTests.xctest */ = {isa = PBXFileReference; explicitFileType = wrapper.cfbundle; includeInIndex = 0; path = "Yield ManagerTests.xctest"; sourceTree = BUILT_PRODUCTS_DIR; };
		518703691A735A5800F8BD47 /* Info.plist */ = {isa = PBXFileReference; lastKnownFileType = text.plist.xml; path = Info.plist; sourceTree = "<group>"; };
		5187036A1A735A5800F8BD47 /* Yield_ManagerTests.m */ = {isa = PBXFileReference; lastKnownFileType = sourcecode.c.objc; path = Yield_ManagerTests.m; sourceTree = "<group>"; };
		518703741A735B4600F8BD47 /* ym_logo.png */ = {isa = PBXFileReference; lastKnownFileType = image.png; path = ym_logo.png; sourceTree = "<group>"; };
		518703791A7362A000F8BD47 /* LoginRequest.h */ = {isa = PBXFileReference; fileEncoding = 4; lastKnownFileType = sourcecode.c.h; path = LoginRequest.h; sourceTree = "<group>"; };
		5187037A1A7362A000F8BD47 /* LoginRequest.m */ = {isa = PBXFileReference; fileEncoding = 4; lastKnownFileType = sourcecode.c.objc; path = LoginRequest.m; sourceTree = "<group>"; };
		5187037C1A73630900F8BD47 /* Constants.h */ = {isa = PBXFileReference; lastKnownFileType = sourcecode.c.h; path = Constants.h; sourceTree = "<group>"; };
		5187037D1A7365A700F8BD47 /* Summary.h */ = {isa = PBXFileReference; fileEncoding = 4; lastKnownFileType = sourcecode.c.h; path = Summary.h; sourceTree = "<group>"; };
		5187037E1A7365A700F8BD47 /* Summary.m */ = {isa = PBXFileReference; fileEncoding = 4; lastKnownFileType = sourcecode.c.objc; path = Summary.m; sourceTree = "<group>"; };
		518703801A7365B600F8BD47 /* Snapshot.h */ = {isa = PBXFileReference; fileEncoding = 4; lastKnownFileType = sourcecode.c.h; path = Snapshot.h; sourceTree = "<group>"; };
		518703811A7365B600F8BD47 /* Snapshot.m */ = {isa = PBXFileReference; fileEncoding = 4; lastKnownFileType = sourcecode.c.objc; path = Snapshot.m; sourceTree = "<group>"; };
		518703831A7365CC00F8BD47 /* RiskRule.h */ = {isa = PBXFileReference; fileEncoding = 4; lastKnownFileType = sourcecode.c.h; path = RiskRule.h; sourceTree = "<group>"; };
		518703841A7365CC00F8BD47 /* RiskRule.m */ = {isa = PBXFileReference; fileEncoding = 4; lastKnownFileType = sourcecode.c.objc; path = RiskRule.m; sourceTree = "<group>"; };
		5192E0141A85E3D5000533F2 /* PositionsViewCell.h */ = {isa = PBXFileReference; fileEncoding = 4; lastKnownFileType = sourcecode.c.h; path = PositionsViewCell.h; sourceTree = "<group>"; };
		5192E0151A85E3D5000533F2 /* PositionsViewCell.m */ = {isa = PBXFileReference; fileEncoding = 4; lastKnownFileType = sourcecode.c.objc; path = PositionsViewCell.m; sourceTree = "<group>"; };
		5192E0161A85E3D5000533F2 /* PositionsViewCell.xib */ = {isa = PBXFileReference; fileEncoding = 4; lastKnownFileType = file.xib; path = PositionsViewCell.xib; sourceTree = "<group>"; };
		5192E0191A85EA3D000533F2 /* GaugeView.h */ = {isa = PBXFileReference; fileEncoding = 4; lastKnownFileType = sourcecode.c.h; path = GaugeView.h; sourceTree = "<group>"; };
		5192E01A1A85EA3D000533F2 /* GaugeView.m */ = {isa = PBXFileReference; fileEncoding = 4; lastKnownFileType = sourcecode.c.objc; path = GaugeView.m; sourceTree = "<group>"; };
		51DDF8001A82F7A6007F3664 /* PositionStatusView.h */ = {isa = PBXFileReference; fileEncoding = 4; lastKnownFileType = sourcecode.c.h; path = PositionStatusView.h; sourceTree = "<group>"; };
		51DDF8011A82F7A6007F3664 /* PositionStatusView.m */ = {isa = PBXFileReference; fileEncoding = 4; lastKnownFileType = sourcecode.c.objc; path = PositionStatusView.m; sourceTree = "<group>"; };
		51DDF8031A82F821007F3664 /* PositionIndicators.h */ = {isa = PBXFileReference; fileEncoding = 4; lastKnownFileType = sourcecode.c.h; path = PositionIndicators.h; sourceTree = "<group>"; };
		51DDF8041A82F821007F3664 /* PositionIndicators.m */ = {isa = PBXFileReference; fileEncoding = 4; lastKnownFileType = sourcecode.c.objc; path = PositionIndicators.m; sourceTree = "<group>"; };
/* End PBXFileReference section */

/* Begin PBXFrameworksBuildPhase section */
		518703481A735A5800F8BD47 /* Frameworks */ = {
			isa = PBXFrameworksBuildPhase;
			buildActionMask = 2147483647;
			files = (
			);
			runOnlyForDeploymentPostprocessing = 0;
		};
		518703611A735A5800F8BD47 /* Frameworks */ = {
			isa = PBXFrameworksBuildPhase;
			buildActionMask = 2147483647;
			files = (
			);
			runOnlyForDeploymentPostprocessing = 0;
		};
/* End PBXFrameworksBuildPhase section */

/* Begin PBXGroup section */
		518703421A735A5800F8BD47 = {
			isa = PBXGroup;
			children = (
				5187034D1A735A5800F8BD47 /* Yield Manager */,
				518703671A735A5800F8BD47 /* Yield ManagerTests */,
				5187034C1A735A5800F8BD47 /* Products */,
			);
			sourceTree = "<group>";
		};
		5187034C1A735A5800F8BD47 /* Products */ = {
			isa = PBXGroup;
			children = (
				5187034B1A735A5800F8BD47 /* Yield Manager.app */,
				518703641A735A5800F8BD47 /* Yield ManagerTests.xctest */,
			);
			name = Products;
			sourceTree = "<group>";
		};
		5187034D1A735A5800F8BD47 /* Yield Manager */ = {
			isa = PBXGroup;
			children = (
				51DDF7FD1A82F6FF007F3664 /* CustomViews */,
				518703781A73624700F8BD47 /* ViewControllers */,
				518703771A73623100F8BD47 /* Helpers */,
				518703761A73622800F8BD47 /* Model */,
				518703521A735A5800F8BD47 /* AppDelegate.h */,
				518703531A735A5800F8BD47 /* AppDelegate.m */,
				518703581A735A5800F8BD47 /* Main.storyboard */,
				5187035B1A735A5800F8BD47 /* Images.xcassets */,
				518703741A735B4600F8BD47 /* ym_logo.png */,
				5187035D1A735A5800F8BD47 /* LaunchScreen.xib */,
				5187034E1A735A5800F8BD47 /* Supporting Files */,
			);
			path = "Yield Manager";
			sourceTree = "<group>";
		};
		5187034E1A735A5800F8BD47 /* Supporting Files */ = {
			isa = PBXGroup;
			children = (
				5187034F1A735A5800F8BD47 /* Info.plist */,
				518703501A735A5800F8BD47 /* main.m */,
			);
			name = "Supporting Files";
			sourceTree = "<group>";
		};
		518703671A735A5800F8BD47 /* Yield ManagerTests */ = {
			isa = PBXGroup;
			children = (
				5187036A1A735A5800F8BD47 /* Yield_ManagerTests.m */,
				518703681A735A5800F8BD47 /* Supporting Files */,
			);
			path = "Yield ManagerTests";
			sourceTree = "<group>";
		};
		518703681A735A5800F8BD47 /* Supporting Files */ = {
			isa = PBXGroup;
			children = (
				518703691A735A5800F8BD47 /* Info.plist */,
			);
			name = "Supporting Files";
			sourceTree = "<group>";
		};
		518703761A73622800F8BD47 /* Model */ = {
			isa = PBXGroup;
			children = (
				518703791A7362A000F8BD47 /* LoginRequest.h */,
				5187037A1A7362A000F8BD47 /* LoginRequest.m */,
				5187037D1A7365A700F8BD47 /* Summary.h */,
				5187037E1A7365A700F8BD47 /* Summary.m */,
				518703801A7365B600F8BD47 /* Snapshot.h */,
				518703811A7365B600F8BD47 /* Snapshot.m */,
				518703831A7365CC00F8BD47 /* RiskRule.h */,
				518703841A7365CC00F8BD47 /* RiskRule.m */,
			);
			name = Model;
			sourceTree = "<group>";
		};
		518703771A73623100F8BD47 /* Helpers */ = {
			isa = PBXGroup;
			children = (
				5187037C1A73630900F8BD47 /* Constants.h */,
			);
			name = Helpers;
			sourceTree = "<group>";
		};
		518703781A73624700F8BD47 /* ViewControllers */ = {
			isa = PBXGroup;
			children = (
				518703551A735A5800F8BD47 /* ViewController.h */,
				518703561A735A5800F8BD47 /* ViewController.m */,
				5130CEB61A736FBB005F2184 /* DashboardController.h */,
				5130CEB71A736FBB005F2184 /* DashboardController.m */,
				5192E0141A85E3D5000533F2 /* PositionsViewCell.h */,
				5192E0151A85E3D5000533F2 /* PositionsViewCell.m */,
				5192E0161A85E3D5000533F2 /* PositionsViewCell.xib */,
			);
			name = ViewControllers;
			sourceTree = "<group>";
		};
		51DDF7FD1A82F6FF007F3664 /* CustomViews */ = {
			isa = PBXGroup;
			children = (
				51DDF8001A82F7A6007F3664 /* PositionStatusView.h */,
				51DDF8011A82F7A6007F3664 /* PositionStatusView.m */,
				51DDF8031A82F821007F3664 /* PositionIndicators.h */,
				51DDF8041A82F821007F3664 /* PositionIndicators.m */,
				5192E0191A85EA3D000533F2 /* GaugeView.h */,
				5192E01A1A85EA3D000533F2 /* GaugeView.m */,
			);
			name = CustomViews;
			sourceTree = "<group>";
		};
/* End PBXGroup section */

/* Begin PBXNativeTarget section */
		5187034A1A735A5800F8BD47 /* Yield Manager */ = {
			isa = PBXNativeTarget;
			buildConfigurationList = 5187036E1A735A5800F8BD47 /* Build configuration list for PBXNativeTarget "Yield Manager" */;
			buildPhases = (
				518703471A735A5800F8BD47 /* Sources */,
				518703481A735A5800F8BD47 /* Frameworks */,
				518703491A735A5800F8BD47 /* Resources */,
			);
			buildRules = (
			);
			dependencies = (
			);
			name = "Yield Manager";
			productName = "Yield Manager";
			productReference = 5187034B1A735A5800F8BD47 /* Yield Manager.app */;
			productType = "com.apple.product-type.application";
		};
		518703631A735A5800F8BD47 /* Yield ManagerTests */ = {
			isa = PBXNativeTarget;
			buildConfigurationList = 518703711A735A5800F8BD47 /* Build configuration list for PBXNativeTarget "Yield ManagerTests" */;
			buildPhases = (
				518703601A735A5800F8BD47 /* Sources */,
				518703611A735A5800F8BD47 /* Frameworks */,
				518703621A735A5800F8BD47 /* Resources */,
			);
			buildRules = (
			);
			dependencies = (
				518703661A735A5800F8BD47 /* PBXTargetDependency */,
			);
			name = "Yield ManagerTests";
			productName = "Yield ManagerTests";
			productReference = 518703641A735A5800F8BD47 /* Yield ManagerTests.xctest */;
			productType = "com.apple.product-type.bundle.unit-test";
		};
/* End PBXNativeTarget section */

/* Begin PBXProject section */
		518703431A735A5800F8BD47 /* Project object */ = {
			isa = PBXProject;
			attributes = {
				LastUpgradeCheck = 0610;
				ORGANIZATIONNAME = prafulkumarmantale;
				TargetAttributes = {
					5187034A1A735A5800F8BD47 = {
						CreatedOnToolsVersion = 6.1.1;
					};
					518703631A735A5800F8BD47 = {
						CreatedOnToolsVersion = 6.1.1;
						TestTargetID = 5187034A1A735A5800F8BD47;
					};
				};
			};
			buildConfigurationList = 518703461A735A5800F8BD47 /* Build configuration list for PBXProject "Yield Manager" */;
			compatibilityVersion = "Xcode 3.2";
			developmentRegion = English;
			hasScannedForEncodings = 0;
			knownRegions = (
				en,
				Base,
			);
			mainGroup = 518703421A735A5800F8BD47;
			productRefGroup = 5187034C1A735A5800F8BD47 /* Products */;
			projectDirPath = "";
			projectRoot = "";
			targets = (
				5187034A1A735A5800F8BD47 /* Yield Manager */,
				518703631A735A5800F8BD47 /* Yield ManagerTests */,
			);
		};
/* End PBXProject section */

/* Begin PBXResourcesBuildPhase section */
		518703491A735A5800F8BD47 /* Resources */ = {
			isa = PBXResourcesBuildPhase;
			buildActionMask = 2147483647;
			files = (
				518703751A735B4600F8BD47 /* ym_logo.png in Resources */,
				5192E0181A85E3D5000533F2 /* PositionsViewCell.xib in Resources */,
				5187035A1A735A5800F8BD47 /* Main.storyboard in Resources */,
				5187035F1A735A5800F8BD47 /* LaunchScreen.xib in Resources */,
				5187035C1A735A5800F8BD47 /* Images.xcassets in Resources */,
			);
			runOnlyForDeploymentPostprocessing = 0;
		};
		518703621A735A5800F8BD47 /* Resources */ = {
			isa = PBXResourcesBuildPhase;
			buildActionMask = 2147483647;
			files = (
			);
			runOnlyForDeploymentPostprocessing = 0;
		};
/* End PBXResourcesBuildPhase section */

/* Begin PBXSourcesBuildPhase section */
		518703471A735A5800F8BD47 /* Sources */ = {
			isa = PBXSourcesBuildPhase;
			buildActionMask = 2147483647;
			files = (
				51DDF8051A82F821007F3664 /* PositionIndicators.m in Sources */,
				518703571A735A5800F8BD47 /* ViewController.m in Sources */,
				5192E01B1A85EA3D000533F2 /* GaugeView.m in Sources */,
				5187037F1A7365A700F8BD47 /* Summary.m in Sources */,
				518703541A735A5800F8BD47 /* AppDelegate.m in Sources */,
				51DDF8021A82F7A6007F3664 /* PositionStatusView.m in Sources */,
				518703511A735A5800F8BD47 /* main.m in Sources */,
				5130CEB81A736FBB005F2184 /* DashboardController.m in Sources */,
				5192E0171A85E3D5000533F2 /* PositionsViewCell.m in Sources */,
				5187037B1A7362A000F8BD47 /* LoginRequest.m in Sources */,
				518703851A7365CC00F8BD47 /* RiskRule.m in Sources */,
				518703821A7365B600F8BD47 /* Snapshot.m in Sources */,
			);
			runOnlyForDeploymentPostprocessing = 0;
		};
		518703601A735A5800F8BD47 /* Sources */ = {
			isa = PBXSourcesBuildPhase;
			buildActionMask = 2147483647;
			files = (
				5187036B1A735A5800F8BD47 /* Yield_ManagerTests.m in Sources */,
			);
			runOnlyForDeploymentPostprocessing = 0;
		};
/* End PBXSourcesBuildPhase section */

/* Begin PBXTargetDependency section */
		518703661A735A5800F8BD47 /* PBXTargetDependency */ = {
			isa = PBXTargetDependency;
			target = 5187034A1A735A5800F8BD47 /* Yield Manager */;
			targetProxy = 518703651A735A5800F8BD47 /* PBXContainerItemProxy */;
		};
/* End PBXTargetDependency section */

/* Begin PBXVariantGroup section */
		518703581A735A5800F8BD47 /* Main.storyboard */ = {
			isa = PBXVariantGroup;
			children = (
				518703591A735A5800F8BD47 /* Base */,
			);
			name = Main.storyboard;
			sourceTree = "<group>";
		};
		5187035D1A735A5800F8BD47 /* LaunchScreen.xib */ = {
			isa = PBXVariantGroup;
			children = (
				5187035E1A735A5800F8BD47 /* Base */,
			);
			name = LaunchScreen.xib;
			sourceTree = "<group>";
		};
/* End PBXVariantGroup section */

/* Begin XCBuildConfiguration section */
		5187036C1A735A5800F8BD47 /* Debug */ = {
			isa = XCBuildConfiguration;
			buildSettings = {
				ALWAYS_SEARCH_USER_PATHS = NO;
				CLANG_CXX_LANGUAGE_STANDARD = "gnu++0x";
				CLANG_CXX_LIBRARY = "libc++";
				CLANG_ENABLE_MODULES = YES;
				CLANG_ENABLE_OBJC_ARC = YES;
				CLANG_WARN_BOOL_CONVERSION = YES;
				CLANG_WARN_CONSTANT_CONVERSION = YES;
				CLANG_WARN_DIRECT_OBJC_ISA_USAGE = YES_ERROR;
				CLANG_WARN_EMPTY_BODY = YES;
				CLANG_WARN_ENUM_CONVERSION = YES;
				CLANG_WARN_INT_CONVERSION = YES;
				CLANG_WARN_OBJC_ROOT_CLASS = YES_ERROR;
				CLANG_WARN_UNREACHABLE_CODE = YES;
				CLANG_WARN__DUPLICATE_METHOD_MATCH = YES;
				"CODE_SIGN_IDENTITY[sdk=iphoneos*]" = "iPhone Developer";
				COPY_PHASE_STRIP = NO;
				ENABLE_STRICT_OBJC_MSGSEND = YES;
				GCC_C_LANGUAGE_STANDARD = gnu99;
				GCC_DYNAMIC_NO_PIC = NO;
				GCC_OPTIMIZATION_LEVEL = 0;
				GCC_PREPROCESSOR_DEFINITIONS = (
					"DEBUG=1",
					"$(inherited)",
				);
				GCC_SYMBOLS_PRIVATE_EXTERN = NO;
				GCC_WARN_64_TO_32_BIT_CONVERSION = YES;
				GCC_WARN_ABOUT_RETURN_TYPE = YES_ERROR;
				GCC_WARN_UNDECLARED_SELECTOR = YES;
				GCC_WARN_UNINITIALIZED_AUTOS = YES_AGGRESSIVE;
				GCC_WARN_UNUSED_FUNCTION = YES;
				GCC_WARN_UNUSED_VARIABLE = YES;
				IPHONEOS_DEPLOYMENT_TARGET = 8.1;
				MTL_ENABLE_DEBUG_INFO = YES;
				ONLY_ACTIVE_ARCH = YES;
				SDKROOT = iphoneos;
				TARGETED_DEVICE_FAMILY = 2;
			};
			name = Debug;
		};
		5187036D1A735A5800F8BD47 /* Release */ = {
			isa = XCBuildConfiguration;
			buildSettings = {
				ALWAYS_SEARCH_USER_PATHS = NO;
				CLANG_CXX_LANGUAGE_STANDARD = "gnu++0x";
				CLANG_CXX_LIBRARY = "libc++";
				CLANG_ENABLE_MODULES = YES;
				CLANG_ENABLE_OBJC_ARC = YES;
				CLANG_WARN_BOOL_CONVERSION = YES;
				CLANG_WARN_CONSTANT_CONVERSION = YES;
				CLANG_WARN_DIRECT_OBJC_ISA_USAGE = YES_ERROR;
				CLANG_WARN_EMPTY_BODY = YES;
				CLANG_WARN_ENUM_CONVERSION = YES;
				CLANG_WARN_INT_CONVERSION = YES;
				CLANG_WARN_OBJC_ROOT_CLASS = YES_ERROR;
				CLANG_WARN_UNREACHABLE_CODE = YES;
				CLANG_WARN__DUPLICATE_METHOD_MATCH = YES;
				"CODE_SIGN_IDENTITY[sdk=iphoneos*]" = "iPhone Developer";
				COPY_PHASE_STRIP = YES;
				ENABLE_NS_ASSERTIONS = NO;
				ENABLE_STRICT_OBJC_MSGSEND = YES;
				GCC_C_LANGUAGE_STANDARD = gnu99;
				GCC_WARN_64_TO_32_BIT_CONVERSION = YES;
				GCC_WARN_ABOUT_RETURN_TYPE = YES_ERROR;
				GCC_WARN_UNDECLARED_SELECTOR = YES;
				GCC_WARN_UNINITIALIZED_AUTOS = YES_AGGRESSIVE;
				GCC_WARN_UNUSED_FUNCTION = YES;
				GCC_WARN_UNUSED_VARIABLE = YES;
				IPHONEOS_DEPLOYMENT_TARGET = 8.1;
				MTL_ENABLE_DEBUG_INFO = NO;
				SDKROOT = iphoneos;
				TARGETED_DEVICE_FAMILY = 2;
				VALIDATE_PRODUCT = YES;
			};
			name = Release;
		};
		5187036F1A735A5800F8BD47 /* Debug */ = {
			isa = XCBuildConfiguration;
			buildSettings = {
				ASSETCATALOG_COMPILER_APPICON_NAME = AppIcon;
				INFOPLIST_FILE = "Yield Manager/Info.plist";
				IPHONEOS_DEPLOYMENT_TARGET = 7.0;
				LD_RUNPATH_SEARCH_PATHS = "$(inherited) @executable_path/Frameworks";
				PRODUCT_NAME = "$(TARGET_NAME)";
			};
			name = Debug;
		};
		518703701A735A5800F8BD47 /* Release */ = {
			isa = XCBuildConfiguration;
			buildSettings = {
				ASSETCATALOG_COMPILER_APPICON_NAME = AppIcon;
				INFOPLIST_FILE = "Yield Manager/Info.plist";
				IPHONEOS_DEPLOYMENT_TARGET = 7.0;
				LD_RUNPATH_SEARCH_PATHS = "$(inherited) @executable_path/Frameworks";
				PRODUCT_NAME = "$(TARGET_NAME)";
			};
			name = Release;
		};
		518703721A735A5800F8BD47 /* Debug */ = {
			isa = XCBuildConfiguration;
			buildSettings = {
				BUNDLE_LOADER = "$(TEST_HOST)";
				FRAMEWORK_SEARCH_PATHS = (
					"$(SDKROOT)/Developer/Library/Frameworks",
					"$(inherited)",
				);
				GCC_PREPROCESSOR_DEFINITIONS = (
					"DEBUG=1",
					"$(inherited)",
				);
				INFOPLIST_FILE = "Yield ManagerTests/Info.plist";
				LD_RUNPATH_SEARCH_PATHS = "$(inherited) @executable_path/Frameworks @loader_path/Frameworks";
				PRODUCT_NAME = "$(TARGET_NAME)";
				TEST_HOST = "$(BUILT_PRODUCTS_DIR)/Yield Manager.app/Yield Manager";
			};
			name = Debug;
		};
		518703731A735A5800F8BD47 /* Release */ = {
			isa = XCBuildConfiguration;
			buildSettings = {
				BUNDLE_LOADER = "$(TEST_HOST)";
				FRAMEWORK_SEARCH_PATHS = (
					"$(SDKROOT)/Developer/Library/Frameworks",
					"$(inherited)",
				);
				INFOPLIST_FILE = "Yield ManagerTests/Info.plist";
				LD_RUNPATH_SEARCH_PATHS = "$(inherited) @executable_path/Frameworks @loader_path/Frameworks";
				PRODUCT_NAME = "$(TARGET_NAME)";
				TEST_HOST = "$(BUILT_PRODUCTS_DIR)/Yield Manager.app/Yield Manager";
			};
			name = Release;
		};
/* End XCBuildConfiguration section */

/* Begin XCConfigurationList section */
		518703461A735A5800F8BD47 /* Build configuration list for PBXProject "Yield Manager" */ = {
			isa = XCConfigurationList;
			buildConfigurations = (
				5187036C1A735A5800F8BD47 /* Debug */,
				5187036D1A735A5800F8BD47 /* Release */,
			);
			defaultConfigurationIsVisible = 0;
			defaultConfigurationName = Release;
		};
		5187036E1A735A5800F8BD47 /* Build configuration list for PBXNativeTarget "Yield Manager" */ = {
			isa = XCConfigurationList;
			buildConfigurations = (
				5187036F1A735A5800F8BD47 /* Debug */,
				518703701A735A5800F8BD47 /* Release */,
			);
			defaultConfigurationIsVisible = 0;
			defaultConfigurationName = Release;
		};
		518703711A735A5800F8BD47 /* Build configuration list for PBXNativeTarget "Yield ManagerTests" */ = {
			isa = XCConfigurationList;
			buildConfigurations = (
				518703721A735A5800F8BD47 /* Debug */,
				518703731A735A5800F8BD47 /* Release */,
			);
			defaultConfigurationIsVisible = 0;
			defaultConfigurationName = Release;
		};
/* End XCConfigurationList section */
	};
	rootObject = 518703431A735A5800F8BD47 /* Project object */;
}
