// !$*UTF8*$!
{
	archiveVersion = 1;
	classes = {
	};
	objectVersion = 46;
	objects = {

/* Begin PBXBuildFile section */
		511FCB68198ACCF100AA361B /* AppDelegate.swift in Sources */ = {isa = PBXBuildFile; fileRef = 511FCB67198ACCF100AA361B /* AppDelegate.swift */; };
		511FCB6A198ACCF100AA361B /* ViewController.swift in Sources */ = {isa = PBXBuildFile; fileRef = 511FCB69198ACCF100AA361B /* ViewController.swift */; };
		511FCB6D198ACCF100AA361B /* Main.storyboard in Resources */ = {isa = PBXBuildFile; fileRef = 511FCB6B198ACCF100AA361B /* Main.storyboard */; };
		511FCB6F198ACCF100AA361B /* Images.xcassets in Resources */ = {isa = PBXBuildFile; fileRef = 511FCB6E198ACCF100AA361B /* Images.xcassets */; };
		511FCB7B198ACCF100AA361B /* FirstSwiftProgramTests.swift in Sources */ = {isa = PBXBuildFile; fileRef = 511FCB7A198ACCF100AA361B /* FirstSwiftProgramTests.swift */; };
/* End PBXBuildFile section */

/* Begin PBXContainerItemProxy section */
		511FCB75198ACCF100AA361B /* PBXContainerItemProxy */ = {
			isa = PBXContainerItemProxy;
			containerPortal = 511FCB5A198ACCF100AA361B /* Project object */;
			proxyType = 1;
			remoteGlobalIDString = 511FCB61198ACCF100AA361B;
			remoteInfo = FirstSwiftProgram;
		};
/* End PBXContainerItemProxy section */

/* Begin PBXFileReference section */
		511FCB62198ACCF100AA361B /* FirstSwiftProgram.app */ = {isa = PBXFileReference; explicitFileType = wrapper.application; includeInIndex = 0; path = FirstSwiftProgram.app; sourceTree = BUILT_PRODUCTS_DIR; };
		511FCB66198ACCF100AA361B /* Info.plist */ = {isa = PBXFileReference; lastKnownFileType = text.plist.xml; path = Info.plist; sourceTree = "<group>"; };
		511FCB67198ACCF100AA361B /* AppDelegate.swift */ = {isa = PBXFileReference; lastKnownFileType = sourcecode.swift; path = AppDelegate.swift; sourceTree = "<group>"; };
		511FCB69198ACCF100AA361B /* ViewController.swift */ = {isa = PBXFileReference; lastKnownFileType = sourcecode.swift; path = ViewController.swift; sourceTree = "<group>"; };
		511FCB6C198ACCF100AA361B /* Base */ = {isa = PBXFileReference; lastKnownFileType = file.storyboard; name = Base; path = Base.lproj/Main.storyboard; sourceTree = "<group>"; };
		511FCB6E198ACCF100AA361B /* Images.xcassets */ = {isa = PBXFileReference; lastKnownFileType = folder.assetcatalog; path = Images.xcassets; sourceTree = "<group>"; };
		511FCB74198ACCF100AA361B /* FirstSwiftProgramTests.xctest */ = {isa = PBXFileReference; explicitFileType = wrapper.cfbundle; includeInIndex = 0; path = FirstSwiftProgramTests.xctest; sourceTree = BUILT_PRODUCTS_DIR; };
		511FCB79198ACCF100AA361B /* Info.plist */ = {isa = PBXFileReference; lastKnownFileType = text.plist.xml; path = Info.plist; sourceTree = "<group>"; };
		511FCB7A198ACCF100AA361B /* FirstSwiftProgramTests.swift */ = {isa = PBXFileReference; lastKnownFileType = sourcecode.swift; path = FirstSwiftProgramTests.swift; sourceTree = "<group>"; };
/* End PBXFileReference section */

/* Begin PBXFrameworksBuildPhase section */
		511FCB5F198ACCF100AA361B /* Frameworks */ = {
			isa = PBXFrameworksBuildPhase;
			buildActionMask = 2147483647;
			files = (
			);
			runOnlyForDeploymentPostprocessing = 0;
		};
		511FCB71198ACCF100AA361B /* Frameworks */ = {
			isa = PBXFrameworksBuildPhase;
			buildActionMask = 2147483647;
			files = (
			);
			runOnlyForDeploymentPostprocessing = 0;
		};
/* End PBXFrameworksBuildPhase section */

/* Begin PBXGroup section */
		511FCB59198ACCF100AA361B = {
			isa = PBXGroup;
			children = (
				511FCB64198ACCF100AA361B /* FirstSwiftProgram */,
				511FCB77198ACCF100AA361B /* FirstSwiftProgramTests */,
				511FCB63198ACCF100AA361B /* Products */,
			);
			sourceTree = "<group>";
		};
		511FCB63198ACCF100AA361B /* Products */ = {
			isa = PBXGroup;
			children = (
				511FCB62198ACCF100AA361B /* FirstSwiftProgram.app */,
				511FCB74198ACCF100AA361B /* FirstSwiftProgramTests.xctest */,
			);
			name = Products;
			sourceTree = "<group>";
		};
		511FCB64198ACCF100AA361B /* FirstSwiftProgram */ = {
			isa = PBXGroup;
			children = (
				511FCB67198ACCF100AA361B /* AppDelegate.swift */,
				511FCB69198ACCF100AA361B /* ViewController.swift */,
				511FCB6B198ACCF100AA361B /* Main.storyboard */,
				511FCB6E198ACCF100AA361B /* Images.xcassets */,
				511FCB65198ACCF100AA361B /* Supporting Files */,
			);
			path = FirstSwiftProgram;
			sourceTree = "<group>";
		};
		511FCB65198ACCF100AA361B /* Supporting Files */ = {
			isa = PBXGroup;
			children = (
				511FCB66198ACCF100AA361B /* Info.plist */,
			);
			name = "Supporting Files";
			sourceTree = "<group>";
		};
		511FCB77198ACCF100AA361B /* FirstSwiftProgramTests */ = {
			isa = PBXGroup;
			children = (
				511FCB7A198ACCF100AA361B /* FirstSwiftProgramTests.swift */,
				511FCB78198ACCF100AA361B /* Supporting Files */,
			);
			path = FirstSwiftProgramTests;
			sourceTree = "<group>";
		};
		511FCB78198ACCF100AA361B /* Supporting Files */ = {
			isa = PBXGroup;
			children = (
				511FCB79198ACCF100AA361B /* Info.plist */,
			);
			name = "Supporting Files";
			sourceTree = "<group>";
		};
/* End PBXGroup section */

/* Begin PBXNativeTarget section */
		511FCB61198ACCF100AA361B /* FirstSwiftProgram */ = {
			isa = PBXNativeTarget;
			buildConfigurationList = 511FCB7E198ACCF100AA361B /* Build configuration list for PBXNativeTarget "FirstSwiftProgram" */;
			buildPhases = (
				511FCB5E198ACCF100AA361B /* Sources */,
				511FCB5F198ACCF100AA361B /* Frameworks */,
				511FCB60198ACCF100AA361B /* Resources */,
			);
			buildRules = (
			);
			dependencies = (
			);
			name = FirstSwiftProgram;
			productName = FirstSwiftProgram;
			productReference = 511FCB62198ACCF100AA361B /* FirstSwiftProgram.app */;
			productType = "com.apple.product-type.application";
		};
		511FCB73198ACCF100AA361B /* FirstSwiftProgramTests */ = {
			isa = PBXNativeTarget;
			buildConfigurationList = 511FCB81198ACCF100AA361B /* Build configuration list for PBXNativeTarget "FirstSwiftProgramTests" */;
			buildPhases = (
				511FCB70198ACCF100AA361B /* Sources */,
				511FCB71198ACCF100AA361B /* Frameworks */,
				511FCB72198ACCF100AA361B /* Resources */,
			);
			buildRules = (
			);
			dependencies = (
				511FCB76198ACCF100AA361B /* PBXTargetDependency */,
			);
			name = FirstSwiftProgramTests;
			productName = FirstSwiftProgramTests;
			productReference = 511FCB74198ACCF100AA361B /* FirstSwiftProgramTests.xctest */;
			productType = "com.apple.product-type.bundle.unit-test";
		};
/* End PBXNativeTarget section */

/* Begin PBXProject section */
		511FCB5A198ACCF100AA361B /* Project object */ = {
			isa = PBXProject;
			attributes = {
				LastUpgradeCheck = 0600;
				ORGANIZATIONNAME = prafulkumarmantale;
				TargetAttributes = {
					511FCB61198ACCF100AA361B = {
						CreatedOnToolsVersion = 6.0;
					};
					511FCB73198ACCF100AA361B = {
						CreatedOnToolsVersion = 6.0;
						TestTargetID = 511FCB61198ACCF100AA361B;
					};
				};
			};
			buildConfigurationList = 511FCB5D198ACCF100AA361B /* Build configuration list for PBXProject "FirstSwiftProgram" */;
			compatibilityVersion = "Xcode 3.2";
			developmentRegion = English;
			hasScannedForEncodings = 0;
			knownRegions = (
				en,
				Base,
			);
			mainGroup = 511FCB59198ACCF100AA361B;
			productRefGroup = 511FCB63198ACCF100AA361B /* Products */;
			projectDirPath = "";
			projectRoot = "";
			targets = (
				511FCB61198ACCF100AA361B /* FirstSwiftProgram */,
				511FCB73198ACCF100AA361B /* FirstSwiftProgramTests */,
			);
		};
/* End PBXProject section */

/* Begin PBXResourcesBuildPhase section */
		511FCB60198ACCF100AA361B /* Resources */ = {
			isa = PBXResourcesBuildPhase;
			buildActionMask = 2147483647;
			files = (
				511FCB6D198ACCF100AA361B /* Main.storyboard in Resources */,
				511FCB6F198ACCF100AA361B /* Images.xcassets in Resources */,
			);
			runOnlyForDeploymentPostprocessing = 0;
		};
		511FCB72198ACCF100AA361B /* Resources */ = {
			isa = PBXResourcesBuildPhase;
			buildActionMask = 2147483647;
			files = (
			);
			runOnlyForDeploymentPostprocessing = 0;
		};
/* End PBXResourcesBuildPhase section */

/* Begin PBXSourcesBuildPhase section */
		511FCB5E198ACCF100AA361B /* Sources */ = {
			isa = PBXSourcesBuildPhase;
			buildActionMask = 2147483647;
			files = (
				511FCB6A198ACCF100AA361B /* ViewController.swift in Sources */,
				511FCB68198ACCF100AA361B /* AppDelegate.swift in Sources */,
			);
			runOnlyForDeploymentPostprocessing = 0;
		};
		511FCB70198ACCF100AA361B /* Sources */ = {
			isa = PBXSourcesBuildPhase;
			buildActionMask = 2147483647;
			files = (
				511FCB7B198ACCF100AA361B /* FirstSwiftProgramTests.swift in Sources */,
			);
			runOnlyForDeploymentPostprocessing = 0;
		};
/* End PBXSourcesBuildPhase section */

/* Begin PBXTargetDependency section */
		511FCB76198ACCF100AA361B /* PBXTargetDependency */ = {
			isa = PBXTargetDependency;
			target = 511FCB61198ACCF100AA361B /* FirstSwiftProgram */;
			targetProxy = 511FCB75198ACCF100AA361B /* PBXContainerItemProxy */;
		};
/* End PBXTargetDependency section */

/* Begin PBXVariantGroup section */
		511FCB6B198ACCF100AA361B /* Main.storyboard */ = {
			isa = PBXVariantGroup;
			children = (
				511FCB6C198ACCF100AA361B /* Base */,
			);
			name = Main.storyboard;
			sourceTree = "<group>";
		};
/* End PBXVariantGroup section */

/* Begin XCBuildConfiguration section */
		511FCB7C198ACCF100AA361B /* Debug */ = {
			isa = XCBuildConfiguration;
			buildSettings = {
				ALWAYS_SEARCH_USER_PATHS = NO;
				CLANG_CXX_LANGUAGE_STANDARD = "gnu++0x";
				CLANG_CXX_LIBRARY = "libc++";
				CLANG_ENABLE_MODULES = YES;
				CLANG_ENABLE_OBJC_ARC = YES;
				CLANG_WARN_BOOL_CONVERSION = YES;
				CLANG_WARN_CONSTANT_CONVERSION = YES;
				CLANG_WARN_DIRECT_OBJC_ISA_USAGE = YES_ERROR;
				CLANG_WARN_EMPTY_BODY = YES;
				CLANG_WARN_ENUM_CONVERSION = YES;
				CLANG_WARN_INT_CONVERSION = YES;
				CLANG_WARN_OBJC_ROOT_CLASS = YES_ERROR;
				CLANG_WARN_UNREACHABLE_CODE = YES;
				CLANG_WARN__DUPLICATE_METHOD_MATCH = YES;
				"CODE_SIGN_IDENTITY[sdk=iphoneos*]" = "iPhone Developer";
				COPY_PHASE_STRIP = NO;
				ENABLE_STRICT_OBJC_MSGSEND = YES;
				GCC_C_LANGUAGE_STANDARD = gnu99;
				GCC_DYNAMIC_NO_PIC = NO;
				GCC_OPTIMIZATION_LEVEL = 0;
				GCC_PREPROCESSOR_DEFINITIONS = (
					"DEBUG=1",
					"$(inherited)",
				);
				GCC_SYMBOLS_PRIVATE_EXTERN = NO;
				GCC_WARN_64_TO_32_BIT_CONVERSION = YES;
				GCC_WARN_ABOUT_RETURN_TYPE = YES_ERROR;
				GCC_WARN_UNDECLARED_SELECTOR = YES;
				GCC_WARN_UNINITIALIZED_AUTOS = YES_AGGRESSIVE;
				GCC_WARN_UNUSED_FUNCTION = YES;
				GCC_WARN_UNUSED_VARIABLE = YES;
				IPHONEOS_DEPLOYMENT_TARGET = 8.0;
				MTL_ENABLE_DEBUG_INFO = YES;
				ONLY_ACTIVE_ARCH = YES;
				SDKROOT = iphoneos;
				SWIFT_OPTIMIZATION_LEVEL = "-Onone";
			};
			name = Debug;
		};
		511FCB7D198ACCF100AA361B /* Release */ = {
			isa = XCBuildConfiguration;
			buildSettings = {
				ALWAYS_SEARCH_USER_PATHS = NO;
				CLANG_CXX_LANGUAGE_STANDARD = "gnu++0x";
				CLANG_CXX_LIBRARY = "libc++";
				CLANG_ENABLE_MODULES = YES;
				CLANG_ENABLE_OBJC_ARC = YES;
				CLANG_WARN_BOOL_CONVERSION = YES;
				CLANG_WARN_CONSTANT_CONVERSION = YES;
				CLANG_WARN_DIRECT_OBJC_ISA_USAGE = YES_ERROR;
				CLANG_WARN_EMPTY_BODY = YES;
				CLANG_WARN_ENUM_CONVERSION = YES;
				CLANG_WARN_INT_CONVERSION = YES;
				CLANG_WARN_OBJC_ROOT_CLASS = YES_ERROR;
				CLANG_WARN_UNREACHABLE_CODE = YES;
				CLANG_WARN__DUPLICATE_METHOD_MATCH = YES;
				"CODE_SIGN_IDENTITY[sdk=iphoneos*]" = "iPhone Developer";
				COPY_PHASE_STRIP = YES;
				ENABLE_NS_ASSERTIONS = NO;
				ENABLE_STRICT_OBJC_MSGSEND = YES;
				GCC_C_LANGUAGE_STANDARD = gnu99;
				GCC_WARN_64_TO_32_BIT_CONVERSION = YES;
				GCC_WARN_ABOUT_RETURN_TYPE = YES_ERROR;
				GCC_WARN_UNDECLARED_SELECTOR = YES;
				GCC_WARN_UNINITIALIZED_AUTOS = YES_AGGRESSIVE;
				GCC_WARN_UNUSED_FUNCTION = YES;
				GCC_WARN_UNUSED_VARIABLE = YES;
				IPHONEOS_DEPLOYMENT_TARGET = 8.0;
				MTL_ENABLE_DEBUG_INFO = NO;
				SDKROOT = iphoneos;
				VALIDATE_PRODUCT = YES;
			};
			name = Release;
		};
		511FCB7F198ACCF100AA361B /* Debug */ = {
			isa = XCBuildConfiguration;
			buildSettings = {
				ASSETCATALOG_COMPILER_APPICON_NAME = AppIcon;
				ASSETCATALOG_COMPILER_LAUNCHIMAGE_NAME = LaunchImage;
				INFOPLIST_FILE = FirstSwiftProgram/Info.plist;
				LD_RUNPATH_SEARCH_PATHS = "$(inherited) @executable_path/Frameworks";
				PRODUCT_NAME = "$(TARGET_NAME)";
			};
			name = Debug;
		};
		511FCB80198ACCF100AA361B /* Release */ = {
			isa = XCBuildConfiguration;
			buildSettings = {
				ASSETCATALOG_COMPILER_APPICON_NAME = AppIcon;
				ASSETCATALOG_COMPILER_LAUNCHIMAGE_NAME = LaunchImage;
				INFOPLIST_FILE = FirstSwiftProgram/Info.plist;
				LD_RUNPATH_SEARCH_PATHS = "$(inherited) @executable_path/Frameworks";
				PRODUCT_NAME = "$(TARGET_NAME)";
			};
			name = Release;
		};
		511FCB82198ACCF100AA361B /* Debug */ = {
			isa = XCBuildConfiguration;
			buildSettings = {
				BUNDLE_LOADER = "$(BUILT_PRODUCTS_DIR)/FirstSwiftProgram.app/FirstSwiftProgram";
				FRAMEWORK_SEARCH_PATHS = (
					"$(SDKROOT)/Developer/Library/Frameworks",
					"$(inherited)",
				);
				GCC_PREPROCESSOR_DEFINITIONS = (
					"DEBUG=1",
					"$(inherited)",
				);
				INFOPLIST_FILE = FirstSwiftProgramTests/Info.plist;
				LD_RUNPATH_SEARCH_PATHS = "$(inherited) @executable_path/Frameworks @loader_path/Frameworks";
				PRODUCT_NAME = "$(TARGET_NAME)";
				TEST_HOST = "$(BUNDLE_LOADER)";
			};
			name = Debug;
		};
		511FCB83198ACCF100AA361B /* Release */ = {
			isa = XCBuildConfiguration;
			buildSettings = {
				BUNDLE_LOADER = "$(BUILT_PRODUCTS_DIR)/FirstSwiftProgram.app/FirstSwiftProgram";
				FRAMEWORK_SEARCH_PATHS = (
					"$(SDKROOT)/Developer/Library/Frameworks",
					"$(inherited)",
				);
				INFOPLIST_FILE = FirstSwiftProgramTests/Info.plist;
				LD_RUNPATH_SEARCH_PATHS = "$(inherited) @executable_path/Frameworks @loader_path/Frameworks";
				PRODUCT_NAME = "$(TARGET_NAME)";
				TEST_HOST = "$(BUNDLE_LOADER)";
			};
			name = Release;
		};
/* End XCBuildConfiguration section */

/* Begin XCConfigurationList section */
		511FCB5D198ACCF100AA361B /* Build configuration list for PBXProject "FirstSwiftProgram" */ = {
			isa = XCConfigurationList;
			buildConfigurations = (
				511FCB7C198ACCF100AA361B /* Debug */,
				511FCB7D198ACCF100AA361B /* Release */,
			);
			defaultConfigurationIsVisible = 0;
			defaultConfigurationName = Release;
		};
		511FCB7E198ACCF100AA361B /* Build configuration list for PBXNativeTarget "FirstSwiftProgram" */ = {
			isa = XCConfigurationList;
			buildConfigurations = (
				511FCB7F198ACCF100AA361B /* Debug */,
				511FCB80198ACCF100AA361B /* Release */,
			);
			defaultConfigurationIsVisible = 0;
		};
		511FCB81198ACCF100AA361B /* Build configuration list for PBXNativeTarget "FirstSwiftProgramTests" */ = {
			isa = XCConfigurationList;
			buildConfigurations = (
				511FCB82198ACCF100AA361B /* Debug */,
				511FCB83198ACCF100AA361B /* Release */,
			);
			defaultConfigurationIsVisible = 0;
		};
/* End XCConfigurationList section */
	};
	rootObject = 511FCB5A198ACCF100AA361B /* Project object */;
}
