// !$*UTF8*$!
{
	archiveVersion = 1;
	classes = {
	};
	objectVersion = 46;
	objects = {

/* Begin PBXBuildFile section */
		5166FB7C1A2ECB7F00675DDB /* AppDelegate.swift in Sources */ = {isa = PBXBuildFile; fileRef = 5166FB7B1A2ECB7F00675DDB /* AppDelegate.swift */; };
		5166FB811A2ECB7F00675DDB /* Main.storyboard in Resources */ = {isa = PBXBuildFile; fileRef = 5166FB7F1A2ECB7F00675DDB /* Main.storyboard */; };
		5166FB831A2ECB7F00675DDB /* Images.xcassets in Resources */ = {isa = PBXBuildFile; fileRef = 5166FB821A2ECB7F00675DDB /* Images.xcassets */; };
		5166FB861A2ECB7F00675DDB /* LaunchScreen.xib in Resources */ = {isa = PBXBuildFile; fileRef = 5166FB841A2ECB7F00675DDB /* LaunchScreen.xib */; };
		5166FB921A2ECB7F00675DDB /* rottenTests.swift in Sources */ = {isa = PBXBuildFile; fileRef = 5166FB911A2ECB7F00675DDB /* rottenTests.swift */; };
		5166FB9C1A2ECC6B00675DDB /* MoviesViewController.swift in Sources */ = {isa = PBXBuildFile; fileRef = 5166FB9B1A2ECC6B00675DDB /* MoviesViewController.swift */; };
		5166FB9E1A2ECF1700675DDB /* MoviesTableViewCell.swift in Sources */ = {isa = PBXBuildFile; fileRef = 5166FB9D1A2ECF1700675DDB /* MoviesTableViewCell.swift */; };
		5166FBA01A2ED83D00675DDB /* LineView.swift in Sources */ = {isa = PBXBuildFile; fileRef = 5166FB9F1A2ED83D00675DDB /* LineView.swift */; };
		5166FBA21A2EEE7B00675DDB /* PositionStatusView.swift in Sources */ = {isa = PBXBuildFile; fileRef = 5166FBA11A2EEE7B00675DDB /* PositionStatusView.swift */; };
/* End PBXBuildFile section */

/* Begin PBXContainerItemProxy section */
		5166FB8C1A2ECB7F00675DDB /* PBXContainerItemProxy */ = {
			isa = PBXContainerItemProxy;
			containerPortal = 5166FB6E1A2ECB7F00675DDB /* Project object */;
			proxyType = 1;
			remoteGlobalIDString = 5166FB751A2ECB7F00675DDB;
			remoteInfo = rotten;
		};
/* End PBXContainerItemProxy section */

/* Begin PBXFileReference section */
		5166FB761A2ECB7F00675DDB /* rotten.app */ = {isa = PBXFileReference; explicitFileType = wrapper.application; includeInIndex = 0; path = rotten.app; sourceTree = BUILT_PRODUCTS_DIR; };
		5166FB7A1A2ECB7F00675DDB /* Info.plist */ = {isa = PBXFileReference; lastKnownFileType = text.plist.xml; path = Info.plist; sourceTree = "<group>"; };
		5166FB7B1A2ECB7F00675DDB /* AppDelegate.swift */ = {isa = PBXFileReference; lastKnownFileType = sourcecode.swift; path = AppDelegate.swift; sourceTree = "<group>"; };
		5166FB801A2ECB7F00675DDB /* Base */ = {isa = PBXFileReference; lastKnownFileType = file.storyboard; name = Base; path = Base.lproj/Main.storyboard; sourceTree = "<group>"; };
		5166FB821A2ECB7F00675DDB /* Images.xcassets */ = {isa = PBXFileReference; lastKnownFileType = folder.assetcatalog; path = Images.xcassets; sourceTree = "<group>"; };
		5166FB851A2ECB7F00675DDB /* Base */ = {isa = PBXFileReference; lastKnownFileType = file.xib; name = Base; path = Base.lproj/LaunchScreen.xib; sourceTree = "<group>"; };
		5166FB8B1A2ECB7F00675DDB /* rottenTests.xctest */ = {isa = PBXFileReference; explicitFileType = wrapper.cfbundle; includeInIndex = 0; path = rottenTests.xctest; sourceTree = BUILT_PRODUCTS_DIR; };
		5166FB901A2ECB7F00675DDB /* Info.plist */ = {isa = PBXFileReference; lastKnownFileType = text.plist.xml; path = Info.plist; sourceTree = "<group>"; };
		5166FB911A2ECB7F00675DDB /* rottenTests.swift */ = {isa = PBXFileReference; lastKnownFileType = sourcecode.swift; path = rottenTests.swift; sourceTree = "<group>"; };
		5166FB9B1A2ECC6B00675DDB /* MoviesViewController.swift */ = {isa = PBXFileReference; fileEncoding = 4; lastKnownFileType = sourcecode.swift; path = MoviesViewController.swift; sourceTree = "<group>"; };
		5166FB9D1A2ECF1700675DDB /* MoviesTableViewCell.swift */ = {isa = PBXFileReference; fileEncoding = 4; lastKnownFileType = sourcecode.swift; path = MoviesTableViewCell.swift; sourceTree = "<group>"; };
		5166FB9F1A2ED83D00675DDB /* LineView.swift */ = {isa = PBXFileReference; fileEncoding = 4; lastKnownFileType = sourcecode.swift; path = LineView.swift; sourceTree = "<group>"; };
		5166FBA11A2EEE7B00675DDB /* PositionStatusView.swift */ = {isa = PBXFileReference; fileEncoding = 4; lastKnownFileType = sourcecode.swift; path = PositionStatusView.swift; sourceTree = "<group>"; };
/* End PBXFileReference section */

/* Begin PBXFrameworksBuildPhase section */
		5166FB731A2ECB7F00675DDB /* Frameworks */ = {
			isa = PBXFrameworksBuildPhase;
			buildActionMask = 2147483647;
			files = (
			);
			runOnlyForDeploymentPostprocessing = 0;
		};
		5166FB881A2ECB7F00675DDB /* Frameworks */ = {
			isa = PBXFrameworksBuildPhase;
			buildActionMask = 2147483647;
			files = (
			);
			runOnlyForDeploymentPostprocessing = 0;
		};
/* End PBXFrameworksBuildPhase section */

/* Begin PBXGroup section */
		5166FB6D1A2ECB7F00675DDB = {
			isa = PBXGroup;
			children = (
				5166FB781A2ECB7F00675DDB /* rotten */,
				5166FB8E1A2ECB7F00675DDB /* rottenTests */,
				5166FB771A2ECB7F00675DDB /* Products */,
			);
			sourceTree = "<group>";
		};
		5166FB771A2ECB7F00675DDB /* Products */ = {
			isa = PBXGroup;
			children = (
				5166FB761A2ECB7F00675DDB /* rotten.app */,
				5166FB8B1A2ECB7F00675DDB /* rottenTests.xctest */,
			);
			name = Products;
			sourceTree = "<group>";
		};
		5166FB781A2ECB7F00675DDB /* rotten */ = {
			isa = PBXGroup;
			children = (
				5166FB7B1A2ECB7F00675DDB /* AppDelegate.swift */,
				5166FB7F1A2ECB7F00675DDB /* Main.storyboard */,
				5166FB821A2ECB7F00675DDB /* Images.xcassets */,
				5166FB841A2ECB7F00675DDB /* LaunchScreen.xib */,
				5166FB791A2ECB7F00675DDB /* Supporting Files */,
				5166FB9B1A2ECC6B00675DDB /* MoviesViewController.swift */,
				5166FB9D1A2ECF1700675DDB /* MoviesTableViewCell.swift */,
				5166FB9F1A2ED83D00675DDB /* LineView.swift */,
				5166FBA11A2EEE7B00675DDB /* PositionStatusView.swift */,
			);
			path = rotten;
			sourceTree = "<group>";
		};
		5166FB791A2ECB7F00675DDB /* Supporting Files */ = {
			isa = PBXGroup;
			children = (
				5166FB7A1A2ECB7F00675DDB /* Info.plist */,
			);
			name = "Supporting Files";
			sourceTree = "<group>";
		};
		5166FB8E1A2ECB7F00675DDB /* rottenTests */ = {
			isa = PBXGroup;
			children = (
				5166FB911A2ECB7F00675DDB /* rottenTests.swift */,
				5166FB8F1A2ECB7F00675DDB /* Supporting Files */,
			);
			path = rottenTests;
			sourceTree = "<group>";
		};
		5166FB8F1A2ECB7F00675DDB /* Supporting Files */ = {
			isa = PBXGroup;
			children = (
				5166FB901A2ECB7F00675DDB /* Info.plist */,
			);
			name = "Supporting Files";
			sourceTree = "<group>";
		};
/* End PBXGroup section */

/* Begin PBXNativeTarget section */
		5166FB751A2ECB7F00675DDB /* rotten */ = {
			isa = PBXNativeTarget;
			buildConfigurationList = 5166FB951A2ECB7F00675DDB /* Build configuration list for PBXNativeTarget "rotten" */;
			buildPhases = (
				5166FB721A2ECB7F00675DDB /* Sources */,
				5166FB731A2ECB7F00675DDB /* Frameworks */,
				5166FB741A2ECB7F00675DDB /* Resources */,
			);
			buildRules = (
			);
			dependencies = (
			);
			name = rotten;
			productName = rotten;
			productReference = 5166FB761A2ECB7F00675DDB /* rotten.app */;
			productType = "com.apple.product-type.application";
		};
		5166FB8A1A2ECB7F00675DDB /* rottenTests */ = {
			isa = PBXNativeTarget;
			buildConfigurationList = 5166FB981A2ECB7F00675DDB /* Build configuration list for PBXNativeTarget "rottenTests" */;
			buildPhases = (
				5166FB871A2ECB7F00675DDB /* Sources */,
				5166FB881A2ECB7F00675DDB /* Frameworks */,
				5166FB891A2ECB7F00675DDB /* Resources */,
			);
			buildRules = (
			);
			dependencies = (
				5166FB8D1A2ECB7F00675DDB /* PBXTargetDependency */,
			);
			name = rottenTests;
			productName = rottenTests;
			productReference = 5166FB8B1A2ECB7F00675DDB /* rottenTests.xctest */;
			productType = "com.apple.product-type.bundle.unit-test";
		};
/* End PBXNativeTarget section */

/* Begin PBXProject section */
		5166FB6E1A2ECB7F00675DDB /* Project object */ = {
			isa = PBXProject;
			attributes = {
				LastUpgradeCheck = 0610;
				ORGANIZATIONNAME = prafulkumarmantale;
				TargetAttributes = {
					5166FB751A2ECB7F00675DDB = {
						CreatedOnToolsVersion = 6.1;
					};
					5166FB8A1A2ECB7F00675DDB = {
						CreatedOnToolsVersion = 6.1;
						TestTargetID = 5166FB751A2ECB7F00675DDB;
					};
				};
			};
			buildConfigurationList = 5166FB711A2ECB7F00675DDB /* Build configuration list for PBXProject "rotten" */;
			compatibilityVersion = "Xcode 3.2";
			developmentRegion = English;
			hasScannedForEncodings = 0;
			knownRegions = (
				en,
				Base,
			);
			mainGroup = 5166FB6D1A2ECB7F00675DDB;
			productRefGroup = 5166FB771A2ECB7F00675DDB /* Products */;
			projectDirPath = "";
			projectRoot = "";
			targets = (
				5166FB751A2ECB7F00675DDB /* rotten */,
				5166FB8A1A2ECB7F00675DDB /* rottenTests */,
			);
		};
/* End PBXProject section */

/* Begin PBXResourcesBuildPhase section */
		5166FB741A2ECB7F00675DDB /* Resources */ = {
			isa = PBXResourcesBuildPhase;
			buildActionMask = 2147483647;
			files = (
				5166FB811A2ECB7F00675DDB /* Main.storyboard in Resources */,
				5166FB861A2ECB7F00675DDB /* LaunchScreen.xib in Resources */,
				5166FB831A2ECB7F00675DDB /* Images.xcassets in Resources */,
			);
			runOnlyForDeploymentPostprocessing = 0;
		};
		5166FB891A2ECB7F00675DDB /* Resources */ = {
			isa = PBXResourcesBuildPhase;
			buildActionMask = 2147483647;
			files = (
			);
			runOnlyForDeploymentPostprocessing = 0;
		};
/* End PBXResourcesBuildPhase section */

/* Begin PBXSourcesBuildPhase section */
		5166FB721A2ECB7F00675DDB /* Sources */ = {
			isa = PBXSourcesBuildPhase;
			buildActionMask = 2147483647;
			files = (
				5166FBA01A2ED83D00675DDB /* LineView.swift in Sources */,
				5166FBA21A2EEE7B00675DDB /* PositionStatusView.swift in Sources */,
				5166FB9E1A2ECF1700675DDB /* MoviesTableViewCell.swift in Sources */,
				5166FB7C1A2ECB7F00675DDB /* AppDelegate.swift in Sources */,
				5166FB9C1A2ECC6B00675DDB /* MoviesViewController.swift in Sources */,
			);
			runOnlyForDeploymentPostprocessing = 0;
		};
		5166FB871A2ECB7F00675DDB /* Sources */ = {
			isa = PBXSourcesBuildPhase;
			buildActionMask = 2147483647;
			files = (
				5166FB921A2ECB7F00675DDB /* rottenTests.swift in Sources */,
			);
			runOnlyForDeploymentPostprocessing = 0;
		};
/* End PBXSourcesBuildPhase section */

/* Begin PBXTargetDependency section */
		5166FB8D1A2ECB7F00675DDB /* PBXTargetDependency */ = {
			isa = PBXTargetDependency;
			target = 5166FB751A2ECB7F00675DDB /* rotten */;
			targetProxy = 5166FB8C1A2ECB7F00675DDB /* PBXContainerItemProxy */;
		};
/* End PBXTargetDependency section */

/* Begin PBXVariantGroup section */
		5166FB7F1A2ECB7F00675DDB /* Main.storyboard */ = {
			isa = PBXVariantGroup;
			children = (
				5166FB801A2ECB7F00675DDB /* Base */,
			);
			name = Main.storyboard;
			sourceTree = "<group>";
		};
		5166FB841A2ECB7F00675DDB /* LaunchScreen.xib */ = {
			isa = PBXVariantGroup;
			children = (
				5166FB851A2ECB7F00675DDB /* Base */,
			);
			name = LaunchScreen.xib;
			sourceTree = "<group>";
		};
/* End PBXVariantGroup section */

/* Begin XCBuildConfiguration section */
		5166FB931A2ECB7F00675DDB /* Debug */ = {
			isa = XCBuildConfiguration;
			buildSettings = {
				ALWAYS_SEARCH_USER_PATHS = NO;
				CLANG_CXX_LANGUAGE_STANDARD = "gnu++0x";
				CLANG_CXX_LIBRARY = "libc++";
				CLANG_ENABLE_MODULES = YES;
				CLANG_ENABLE_OBJC_ARC = YES;
				CLANG_WARN_BOOL_CONVERSION = YES;
				CLANG_WARN_CONSTANT_CONVERSION = YES;
				CLANG_WARN_DIRECT_OBJC_ISA_USAGE = YES_ERROR;
				CLANG_WARN_EMPTY_BODY = YES;
				CLANG_WARN_ENUM_CONVERSION = YES;
				CLANG_WARN_INT_CONVERSION = YES;
				CLANG_WARN_OBJC_ROOT_CLASS = YES_ERROR;
				CLANG_WARN_UNREACHABLE_CODE = YES;
				CLANG_WARN__DUPLICATE_METHOD_MATCH = YES;
				"CODE_SIGN_IDENTITY[sdk=iphoneos*]" = "iPhone Developer";
				COPY_PHASE_STRIP = NO;
				ENABLE_STRICT_OBJC_MSGSEND = YES;
				GCC_C_LANGUAGE_STANDARD = gnu99;
				GCC_DYNAMIC_NO_PIC = NO;
				GCC_OPTIMIZATION_LEVEL = 0;
				GCC_PREPROCESSOR_DEFINITIONS = (
					"DEBUG=1",
					"$(inherited)",
				);
				GCC_SYMBOLS_PRIVATE_EXTERN = NO;
				GCC_WARN_64_TO_32_BIT_CONVERSION = YES;
				GCC_WARN_ABOUT_RETURN_TYPE = YES_ERROR;
				GCC_WARN_UNDECLARED_SELECTOR = YES;
				GCC_WARN_UNINITIALIZED_AUTOS = YES_AGGRESSIVE;
				GCC_WARN_UNUSED_FUNCTION = YES;
				GCC_WARN_UNUSED_VARIABLE = YES;
				IPHONEOS_DEPLOYMENT_TARGET = 8.1;
				MTL_ENABLE_DEBUG_INFO = YES;
				ONLY_ACTIVE_ARCH = YES;
				SDKROOT = iphoneos;
				SWIFT_OPTIMIZATION_LEVEL = "-Onone";
			};
			name = Debug;
		};
		5166FB941A2ECB7F00675DDB /* Release */ = {
			isa = XCBuildConfiguration;
			buildSettings = {
				ALWAYS_SEARCH_USER_PATHS = NO;
				CLANG_CXX_LANGUAGE_STANDARD = "gnu++0x";
				CLANG_CXX_LIBRARY = "libc++";
				CLANG_ENABLE_MODULES = YES;
				CLANG_ENABLE_OBJC_ARC = YES;
				CLANG_WARN_BOOL_CONVERSION = YES;
				CLANG_WARN_CONSTANT_CONVERSION = YES;
				CLANG_WARN_DIRECT_OBJC_ISA_USAGE = YES_ERROR;
				CLANG_WARN_EMPTY_BODY = YES;
				CLANG_WARN_ENUM_CONVERSION = YES;
				CLANG_WARN_INT_CONVERSION = YES;
				CLANG_WARN_OBJC_ROOT_CLASS = YES_ERROR;
				CLANG_WARN_UNREACHABLE_CODE = YES;
				CLANG_WARN__DUPLICATE_METHOD_MATCH = YES;
				"CODE_SIGN_IDENTITY[sdk=iphoneos*]" = "iPhone Developer";
				COPY_PHASE_STRIP = YES;
				ENABLE_NS_ASSERTIONS = NO;
				ENABLE_STRICT_OBJC_MSGSEND = YES;
				GCC_C_LANGUAGE_STANDARD = gnu99;
				GCC_WARN_64_TO_32_BIT_CONVERSION = YES;
				GCC_WARN_ABOUT_RETURN_TYPE = YES_ERROR;
				GCC_WARN_UNDECLARED_SELECTOR = YES;
				GCC_WARN_UNINITIALIZED_AUTOS = YES_AGGRESSIVE;
				GCC_WARN_UNUSED_FUNCTION = YES;
				GCC_WARN_UNUSED_VARIABLE = YES;
				IPHONEOS_DEPLOYMENT_TARGET = 8.1;
				MTL_ENABLE_DEBUG_INFO = NO;
				SDKROOT = iphoneos;
				VALIDATE_PRODUCT = YES;
			};
			name = Release;
		};
		5166FB961A2ECB7F00675DDB /* Debug */ = {
			isa = XCBuildConfiguration;
			buildSettings = {
				ASSETCATALOG_COMPILER_APPICON_NAME = AppIcon;
				INFOPLIST_FILE = rotten/Info.plist;
				LD_RUNPATH_SEARCH_PATHS = "$(inherited) @executable_path/Frameworks";
				PRODUCT_NAME = "$(TARGET_NAME)";
			};
			name = Debug;
		};
		5166FB971A2ECB7F00675DDB /* Release */ = {
			isa = XCBuildConfiguration;
			buildSettings = {
				ASSETCATALOG_COMPILER_APPICON_NAME = AppIcon;
				INFOPLIST_FILE = rotten/Info.plist;
				LD_RUNPATH_SEARCH_PATHS = "$(inherited) @executable_path/Frameworks";
				PRODUCT_NAME = "$(TARGET_NAME)";
			};
			name = Release;
		};
		5166FB991A2ECB7F00675DDB /* Debug */ = {
			isa = XCBuildConfiguration;
			buildSettings = {
				BUNDLE_LOADER = "$(TEST_HOST)";
				FRAMEWORK_SEARCH_PATHS = (
					"$(SDKROOT)/Developer/Library/Frameworks",
					"$(inherited)",
				);
				GCC_PREPROCESSOR_DEFINITIONS = (
					"DEBUG=1",
					"$(inherited)",
				);
				INFOPLIST_FILE = rottenTests/Info.plist;
				LD_RUNPATH_SEARCH_PATHS = "$(inherited) @executable_path/Frameworks @loader_path/Frameworks";
				PRODUCT_NAME = "$(TARGET_NAME)";
				TEST_HOST = "$(BUILT_PRODUCTS_DIR)/rotten.app/rotten";
			};
			name = Debug;
		};
		5166FB9A1A2ECB7F00675DDB /* Release */ = {
			isa = XCBuildConfiguration;
			buildSettings = {
				BUNDLE_LOADER = "$(TEST_HOST)";
				FRAMEWORK_SEARCH_PATHS = (
					"$(SDKROOT)/Developer/Library/Frameworks",
					"$(inherited)",
				);
				INFOPLIST_FILE = rottenTests/Info.plist;
				LD_RUNPATH_SEARCH_PATHS = "$(inherited) @executable_path/Frameworks @loader_path/Frameworks";
				PRODUCT_NAME = "$(TARGET_NAME)";
				TEST_HOST = "$(BUILT_PRODUCTS_DIR)/rotten.app/rotten";
			};
			name = Release;
		};
/* End XCBuildConfiguration section */

/* Begin XCConfigurationList section */
		5166FB711A2ECB7F00675DDB /* Build configuration list for PBXProject "rotten" */ = {
			isa = XCConfigurationList;
			buildConfigurations = (
				5166FB931A2ECB7F00675DDB /* Debug */,
				5166FB941A2ECB7F00675DDB /* Release */,
			);
			defaultConfigurationIsVisible = 0;
			defaultConfigurationName = Release;
		};
		5166FB951A2ECB7F00675DDB /* Build configuration list for PBXNativeTarget "rotten" */ = {
			isa = XCConfigurationList;
			buildConfigurations = (
				5166FB961A2ECB7F00675DDB /* Debug */,
				5166FB971A2ECB7F00675DDB /* Release */,
			);
			defaultConfigurationIsVisible = 0;
		};
		5166FB981A2ECB7F00675DDB /* Build configuration list for PBXNativeTarget "rottenTests" */ = {
			isa = XCConfigurationList;
			buildConfigurations = (
				5166FB991A2ECB7F00675DDB /* Debug */,
				5166FB9A1A2ECB7F00675DDB /* Release */,
			);
			defaultConfigurationIsVisible = 0;
		};
/* End XCConfigurationList section */
	};
	rootObject = 5166FB6E1A2ECB7F00675DDB /* Project object */;
}
